
Microsoft Visual Studio Solution File, Format Version 12.00
# Visual Studio Version 17
VisualStudioVersion = 17.3.32929.385
MinimumVisualStudioVersion = 10.0.40219.1
Project("{9A19103F-16F7-4668-BE54-9A1E7A4F7556}") = "ConsoleApp1", "ConsoleApp1\ConsoleApp1.csproj", "{1605FEB8-7100-4856-9E35-D8A760F578D0}"
EndProject
Project("{9A19103F-16F7-4668-BE54-9A1E7A4F7556}") = "EJE.SEMANA.NUM", "EJE.NUM.SEMANA\EJE.SEMANA.NUM.csproj", "{58763402-01EB-4E9C-9F63-EF81125D9904}"
EndProject
Project("{2150E333-8FDC-42A3-9474-1A3956D46DE8}") = "SEMANA", "SEMANA", "{5C2EF4D5-C049-4AF6-8B38-554F1BA13086}"
EndProject
Project("{9A19103F-16F7-4668-BE54-9A1E7A4F7556}") = "EJE.SEMANA.RECORRIDO", "EJE.SEMANA.RECORRIDO\EJE.SEMANA.RECORRIDO.csproj", "{8C56CD0E-E24A-4396-B634-42438EF1E140}"
EndProject
Project("{2150E333-8FDC-42A3-9474-1A3956D46DE8}") = "INTERFACES", "INTERFACES", "{C5B170C6-32A4-4352-8C8E-B45AD9A340C4}"
EndProject
Project("{9A19103F-16F7-4668-BE54-9A1E7A4F7556}") = "EJE.INTERFACES.SENCILLA", "EJE.INTERFACES.SENCILLA\EJE.INTERFACES.SENCILLA.csproj", "{CF7E8C2A-76A1-4A10-9FBC-3E0E06C52B6F}"
EndProject
Project("{9A19103F-16F7-4668-BE54-9A1E7A4F7556}") = "EJE.INTERFACES.CON_INJECCION", "EJE.INTERFACES.CON_INJECCION\EJE.INTERFACES.CON_INJECCION.csproj", "{929BF430-C4A6-4327-9C29-CD35A18DE843}"
EndProject
Project("{9A19103F-16F7-4668-BE54-9A1E7A4F7556}") = "EJE.INTERFACES.IREPOSITORY", "EJE.INTERFACES.IREPOSITORY\EJE.INTERFACES.IREPOSITORY.csproj", "{6344E2AF-9BFA-4588-B4F6-858C54DDB30B}"
EndProject
Project("{9A19103F-16F7-4668-BE54-9A1E7A4F7556}") = "EJE.SEMANA.RANGO", "EJE.SEMANAS.RANGO\EJE.SEMANA.RANGO.csproj", "{D2C1356F-E28B-4680-81CA-0925FB54EAE8}"
EndProject
Project("{2150E333-8FDC-42A3-9474-1A3956D46DE8}") = "HELPER", "HELPER", "{2D525689-07CA-4412-8071-E8C92DE6DFD8}"
EndProject
Project("{9A19103F-16F7-4668-BE54-9A1E7A4F7556}") = "EJE.HELPER.IP", "EJE.HELPER.IP\EJE.HELPER.IP.csproj", "{3889B5A3-8F29-4D16-B214-D3FEF792C6D7}"
EndProject
Project("{FAE04EC0-301F-11D3-BF4B-00C04F79EFBC}") = "EJE.SEMANA.SEMANA53", "EJE.SEMANA.SEMANA53\EJE.SEMANA.SEMANA53.csproj", "{182D737E-D5DC-4DBE-BDC4-75F523E04BCE}"
EndProject
Global
	GlobalSection(SolutionConfigurationPlatforms) = preSolution
		Debug|Any CPU = Debug|Any CPU
		Release|Any CPU = Release|Any CPU
	EndGlobalSection
	GlobalSection(ProjectConfigurationPlatforms) = postSolution
		{1605FEB8-7100-4856-9E35-D8A760F578D0}.Debug|Any CPU.ActiveCfg = Debug|Any CPU
		{1605FEB8-7100-4856-9E35-D8A760F578D0}.Debug|Any CPU.Build.0 = Debug|Any CPU
		{1605FEB8-7100-4856-9E35-D8A760F578D0}.Release|Any CPU.ActiveCfg = Release|Any CPU
		{1605FEB8-7100-4856-9E35-D8A760F578D0}.Release|Any CPU.Build.0 = Release|Any CPU
		{58763402-01EB-4E9C-9F63-EF81125D9904}.Debug|Any CPU.ActiveCfg = Debug|Any CPU
		{58763402-01EB-4E9C-9F63-EF81125D9904}.Debug|Any CPU.Build.0 = Debug|Any CPU
		{58763402-01EB-4E9C-9F63-EF81125D9904}.Release|Any CPU.ActiveCfg = Release|Any CPU
		{58763402-01EB-4E9C-9F63-EF81125D9904}.Release|Any CPU.Build.0 = Release|Any CPU
		{8C56CD0E-E24A-4396-B634-42438EF1E140}.Debug|Any CPU.ActiveCfg = Debug|Any CPU
		{8C56CD0E-E24A-4396-B634-42438EF1E140}.Debug|Any CPU.Build.0 = Debug|Any CPU
		{8C56CD0E-E24A-4396-B634-42438EF1E140}.Release|Any CPU.ActiveCfg = Release|Any CPU
		{8C56CD0E-E24A-4396-B634-42438EF1E140}.Release|Any CPU.Build.0 = Release|Any CPU
		{CF7E8C2A-76A1-4A10-9FBC-3E0E06C52B6F}.Debug|Any CPU.ActiveCfg = Debug|Any CPU
		{CF7E8C2A-76A1-4A10-9FBC-3E0E06C52B6F}.Debug|Any CPU.Build.0 = Debug|Any CPU
		{CF7E8C2A-76A1-4A10-9FBC-3E0E06C52B6F}.Release|Any CPU.ActiveCfg = Release|Any CPU
		{CF7E8C2A-76A1-4A10-9FBC-3E0E06C52B6F}.Release|Any CPU.Build.0 = Release|Any CPU
		{929BF430-C4A6-4327-9C29-CD35A18DE843}.Debug|Any CPU.ActiveCfg = Debug|Any CPU
		{929BF430-C4A6-4327-9C29-CD35A18DE843}.Debug|Any CPU.Build.0 = Debug|Any CPU
		{929BF430-C4A6-4327-9C29-CD35A18DE843}.Release|Any CPU.ActiveCfg = Release|Any CPU
		{929BF430-C4A6-4327-9C29-CD35A18DE843}.Release|Any CPU.Build.0 = Release|Any CPU
		{6344E2AF-9BFA-4588-B4F6-858C54DDB30B}.Debug|Any CPU.ActiveCfg = Debug|Any CPU
		{6344E2AF-9BFA-4588-B4F6-858C54DDB30B}.Debug|Any CPU.Build.0 = Debug|Any CPU
		{6344E2AF-9BFA-4588-B4F6-858C54DDB30B}.Release|Any CPU.ActiveCfg = Release|Any CPU
		{6344E2AF-9BFA-4588-B4F6-858C54DDB30B}.Release|Any CPU.Build.0 = Release|Any CPU
		{D2C1356F-E28B-4680-81CA-0925FB54EAE8}.Debug|Any CPU.ActiveCfg = Debug|Any CPU
		{D2C1356F-E28B-4680-81CA-0925FB54EAE8}.Debug|Any CPU.Build.0 = Debug|Any CPU
		{D2C1356F-E28B-4680-81CA-0925FB54EAE8}.Release|Any CPU.ActiveCfg = Release|Any CPU
		{D2C1356F-E28B-4680-81CA-0925FB54EAE8}.Release|Any CPU.Build.0 = Release|Any CPU
		{3889B5A3-8F29-4D16-B214-D3FEF792C6D7}.Debug|Any CPU.ActiveCfg = Debug|Any CPU
		{3889B5A3-8F29-4D16-B214-D3FEF792C6D7}.Debug|Any CPU.Build.0 = Debug|Any CPU
		{3889B5A3-8F29-4D16-B214-D3FEF792C6D7}.Release|Any CPU.ActiveCfg = Release|Any CPU
		{3889B5A3-8F29-4D16-B214-D3FEF792C6D7}.Release|Any CPU.Build.0 = Release|Any CPU
		{182D737E-D5DC-4DBE-BDC4-75F523E04BCE}.Debug|Any CPU.ActiveCfg = Debug|Any CPU
		{182D737E-D5DC-4DBE-BDC4-75F523E04BCE}.Debug|Any CPU.Build.0 = Debug|Any CPU
		{182D737E-D5DC-4DBE-BDC4-75F523E04BCE}.Release|Any CPU.ActiveCfg = Release|Any CPU
		{182D737E-D5DC-4DBE-BDC4-75F523E04BCE}.Release|Any CPU.Build.0 = Release|Any CPU
	EndGlobalSection
	GlobalSection(SolutionProperties) = preSolution
		HideSolutionNode = FALSE
	EndGlobalSection
	GlobalSection(NestedProjects) = preSolution
		{58763402-01EB-4E9C-9F63-EF81125D9904} = {5C2EF4D5-C049-4AF6-8B38-554F1BA13086}
		{8C56CD0E-E24A-4396-B634-42438EF1E140} = {5C2EF4D5-C049-4AF6-8B38-554F1BA13086}
		{CF7E8C2A-76A1-4A10-9FBC-3E0E06C52B6F} = {C5B170C6-32A4-4352-8C8E-B45AD9A340C4}
		{929BF430-C4A6-4327-9C29-CD35A18DE843} = {C5B170C6-32A4-4352-8C8E-B45AD9A340C4}
		{6344E2AF-9BFA-4588-B4F6-858C54DDB30B} = {C5B170C6-32A4-4352-8C8E-B45AD9A340C4}
		{D2C1356F-E28B-4680-81CA-0925FB54EAE8} = {5C2EF4D5-C049-4AF6-8B38-554F1BA13086}
		{3889B5A3-8F29-4D16-B214-D3FEF792C6D7} = {2D525689-07CA-4412-8071-E8C92DE6DFD8}
		{182D737E-D5DC-4DBE-BDC4-75F523E04BCE} = {5C2EF4D5-C049-4AF6-8B38-554F1BA13086}
	EndGlobalSection
	GlobalSection(ExtensibilityGlobals) = postSolution
		SolutionGuid = {716D1EA1-DE21-4647-9C53-D4629DBDCCC4}
	EndGlobalSection
EndGlobal
